
Microsoft Visual Studio Solution File, Format Version 12.00
# Visual Studio 15
VisualStudioVersion = 15.0.28307.1267
MinimumVisualStudioVersion = 10.0.40219.1
Project("{FAE04EC0-301F-11D3-BF4B-00C04F79EFBC}") = "201120Win_AtYarisi", "201120Win_AtYarisi\201120Win_AtYarisi.csproj", "{B4FE2B08-5959-4BA1-924B-9B8CED82ACEF}"
EndProject
Global
	GlobalSection(SolutionConfigurationPlatforms) = preSolution
		Debug|Any CPU = Debug|Any CPU
		Release|Any CPU = Release|Any CPU
	EndGlobalSection
	GlobalSection(ProjectConfigurationPlatforms) = postSolution
		{B4FE2B08-5959-4BA1-924B-9B8CED82ACEF}.Debug|Any CPU.ActiveCfg = Debug|Any CPU
		{B4FE2B08-5959-4BA1-924B-9B8CED82ACEF}.Debug|Any CPU.Build.0 = Debug|Any CPU
		{B4FE2B08-5959-4BA1-924B-9B8CED82ACEF}.Release|Any CPU.ActiveCfg = Release|Any CPU
		{B4FE2B08-5959-4BA1-924B-9B8CED82ACEF}.Release|Any CPU.Build.0 = Release|Any CPU
	EndGlobalSection
	GlobalSection(SolutionProperties) = preSolution
		HideSolutionNode = FALSE
	EndGlobalSection
	GlobalSection(ExtensibilityGlobals) = postSolution
		SolutionGuid = {036239B7-6C2D-4439-AF53-574EDF783EC9}
	EndGlobalSection
EndGlobal
